// !$*UTF8*$!
{
	archiveVersion = 1;
	classes = {
	};
	objectVersion = 46;
	objects = {

/* Begin PBXBuildFile section */
		4F2C215F1D1C1E0F00D2CEAE /* PKHUD.h in Headers */ = {isa = PBXBuildFile; fileRef = F996322219514FD8001F73CA /* PKHUD.h */; };
		4F2C21991D1C2BFF00D2CEAE /* PKHUD.swift in Sources */ = {isa = PBXBuildFile; fileRef = 4F2C21661D1C2B6A00D2CEAE /* PKHUD.swift */; };
		4F2C219A1D1C2BFF00D2CEAE /* ContainerView.swift in Sources */ = {isa = PBXBuildFile; fileRef = 4F2C21601D1C2B6A00D2CEAE /* ContainerView.swift */; };
		4F2C219B1D1C2BFF00D2CEAE /* FrameView.swift in Sources */ = {isa = PBXBuildFile; fileRef = 4F2C21611D1C2B6A00D2CEAE /* FrameView.swift */; };
		4F2C219C1D1C2BFF00D2CEAE /* HUD.swift in Sources */ = {isa = PBXBuildFile; fileRef = 4F2C21621D1C2B6A00D2CEAE /* HUD.swift */; };
		4F2C219D1D1C2BFF00D2CEAE /* Images.xcassets in Resources */ = {isa = PBXBuildFile; fileRef = 4F2C21631D1C2B6A00D2CEAE /* Images.xcassets */; };
		4F2C219E1D1C2BFF00D2CEAE /* PKHUDAnimating.swift in Sources */ = {isa = PBXBuildFile; fileRef = 4F2C21671D1C2B6A00D2CEAE /* PKHUDAnimating.swift */; };
		4F2C219F1D1C2BFF00D2CEAE /* PKHUDAnimation.swift in Sources */ = {isa = PBXBuildFile; fileRef = 4F2C21681D1C2B6A00D2CEAE /* PKHUDAnimation.swift */; };
		4F2C21A01D1C2BFF00D2CEAE /* PKHUDAssets.swift in Sources */ = {isa = PBXBuildFile; fileRef = 4F2C21691D1C2B6A00D2CEAE /* PKHUDAssets.swift */; };
		4F2C21A11D1C2C0000D2CEAE /* PKHUD.swift in Sources */ = {isa = PBXBuildFile; fileRef = 4F2C21661D1C2B6A00D2CEAE /* PKHUD.swift */; };
		4F2C21A21D1C2C0000D2CEAE /* ContainerView.swift in Sources */ = {isa = PBXBuildFile; fileRef = 4F2C21601D1C2B6A00D2CEAE /* ContainerView.swift */; };
		4F2C21A31D1C2C0000D2CEAE /* FrameView.swift in Sources */ = {isa = PBXBuildFile; fileRef = 4F2C21611D1C2B6A00D2CEAE /* FrameView.swift */; };
		4F2C21A41D1C2C0000D2CEAE /* HUD.swift in Sources */ = {isa = PBXBuildFile; fileRef = 4F2C21621D1C2B6A00D2CEAE /* HUD.swift */; };
		4F2C21A51D1C2C0000D2CEAE /* Images.xcassets in Resources */ = {isa = PBXBuildFile; fileRef = 4F2C21631D1C2B6A00D2CEAE /* Images.xcassets */; };
		4F2C21A61D1C2C0000D2CEAE /* PKHUDAnimating.swift in Sources */ = {isa = PBXBuildFile; fileRef = 4F2C21671D1C2B6A00D2CEAE /* PKHUDAnimating.swift */; };
		4F2C21A71D1C2C0000D2CEAE /* PKHUDAnimation.swift in Sources */ = {isa = PBXBuildFile; fileRef = 4F2C21681D1C2B6A00D2CEAE /* PKHUDAnimation.swift */; };
		4F2C21A81D1C2C0000D2CEAE /* PKHUDAssets.swift in Sources */ = {isa = PBXBuildFile; fileRef = 4F2C21691D1C2B6A00D2CEAE /* PKHUDAssets.swift */; };
		4F2C21A91D1C2C0900D2CEAE /* PKHUDErrorView.swift in Sources */ = {isa = PBXBuildFile; fileRef = 4F2C216A1D1C2B6A00D2CEAE /* PKHUDErrorView.swift */; };
		4F2C21AA1D1C2C0900D2CEAE /* PKHUDProgressView.swift in Sources */ = {isa = PBXBuildFile; fileRef = 4F2C216B1D1C2B6A00D2CEAE /* PKHUDProgressView.swift */; };
		4F2C21AB1D1C2C0900D2CEAE /* PKHUDRotatingImageView.swift in Sources */ = {isa = PBXBuildFile; fileRef = 4F2C216C1D1C2B6A00D2CEAE /* PKHUDRotatingImageView.swift */; };
		4F2C21AC1D1C2C0900D2CEAE /* PKHUDSquareBaseView.swift in Sources */ = {isa = PBXBuildFile; fileRef = 4F2C216D1D1C2B6A00D2CEAE /* PKHUDSquareBaseView.swift */; };
		4F2C21AD1D1C2C0900D2CEAE /* PKHUDSuccessView.swift in Sources */ = {isa = PBXBuildFile; fileRef = 4F2C216E1D1C2B6A00D2CEAE /* PKHUDSuccessView.swift */; };
		4F2C21AE1D1C2C0900D2CEAE /* PKHUDSystemActivityIndicatorView.swift in Sources */ = {isa = PBXBuildFile; fileRef = 4F2C216F1D1C2B6A00D2CEAE /* PKHUDSystemActivityIndicatorView.swift */; };
		4F2C21AF1D1C2C0900D2CEAE /* PKHUDTextView.swift in Sources */ = {isa = PBXBuildFile; fileRef = 4F2C21701D1C2B6A00D2CEAE /* PKHUDTextView.swift */; };
		4F2C21B01D1C2C0900D2CEAE /* PKHUDWideBaseView.swift in Sources */ = {isa = PBXBuildFile; fileRef = 4F2C21711D1C2B6A00D2CEAE /* PKHUDWideBaseView.swift */; };
		4F2C21B11D1C2C0A00D2CEAE /* PKHUDErrorView.swift in Sources */ = {isa = PBXBuildFile; fileRef = 4F2C216A1D1C2B6A00D2CEAE /* PKHUDErrorView.swift */; };
		4F2C21B21D1C2C0A00D2CEAE /* PKHUDProgressView.swift in Sources */ = {isa = PBXBuildFile; fileRef = 4F2C216B1D1C2B6A00D2CEAE /* PKHUDProgressView.swift */; };
		4F2C21B31D1C2C0A00D2CEAE /* PKHUDRotatingImageView.swift in Sources */ = {isa = PBXBuildFile; fileRef = 4F2C216C1D1C2B6A00D2CEAE /* PKHUDRotatingImageView.swift */; };
		4F2C21B41D1C2C0A00D2CEAE /* PKHUDSquareBaseView.swift in Sources */ = {isa = PBXBuildFile; fileRef = 4F2C216D1D1C2B6A00D2CEAE /* PKHUDSquareBaseView.swift */; };
		4F2C21B51D1C2C0A00D2CEAE /* PKHUDSuccessView.swift in Sources */ = {isa = PBXBuildFile; fileRef = 4F2C216E1D1C2B6A00D2CEAE /* PKHUDSuccessView.swift */; };
		4F2C21B61D1C2C0A00D2CEAE /* PKHUDSystemActivityIndicatorView.swift in Sources */ = {isa = PBXBuildFile; fileRef = 4F2C216F1D1C2B6A00D2CEAE /* PKHUDSystemActivityIndicatorView.swift */; };
		4F2C21B71D1C2C0A00D2CEAE /* PKHUDTextView.swift in Sources */ = {isa = PBXBuildFile; fileRef = 4F2C21701D1C2B6A00D2CEAE /* PKHUDTextView.swift */; };
		4F2C21B81D1C2C0A00D2CEAE /* PKHUDWideBaseView.swift in Sources */ = {isa = PBXBuildFile; fileRef = 4F2C21711D1C2B6A00D2CEAE /* PKHUDWideBaseView.swift */; };
		4F59F1B01D1AB75E001D9851 /* Images.xcassets in Resources */ = {isa = PBXBuildFile; fileRef = 4F59F1AF1D1AB75E001D9851 /* Images.xcassets */; };
		4F5E503C1D1D1F8300C95F62 /* NSBezierPath+.swift in Sources */ = {isa = PBXBuildFile; fileRef = 4F5E503B1D1D1F8300C95F62 /* NSBezierPath+.swift */; };
		4FB23C441D1A75F4006C2105 /* AppDelegate.swift in Sources */ = {isa = PBXBuildFile; fileRef = 4FB23C431D1A75F4006C2105 /* AppDelegate.swift */; };
		4FB23C461D1A75F4006C2105 /* ViewController.swift in Sources */ = {isa = PBXBuildFile; fileRef = 4FB23C451D1A75F4006C2105 /* ViewController.swift */; };
		4FB23C4B1D1A75F4006C2105 /* Main.storyboard in Resources */ = {isa = PBXBuildFile; fileRef = 4FB23C491D1A75F4006C2105 /* Main.storyboard */; };
		4FD0E3221D1A7D3600D1212A /* PKHUDMACOS.h in Headers */ = {isa = PBXBuildFile; fileRef = 4FD0E3211D1A7D3600D1212A /* PKHUDMACOS.h */; settings = {ATTRIBUTES = (Public, ); }; };
		4FD0E3261D1A7D3600D1212A /* PKHUDMACOS.framework in Frameworks */ = {isa = PBXBuildFile; fileRef = 4FD0E31F1D1A7D3600D1212A /* PKHUDMACOS.framework */; };
		4FD0E3271D1A7D3600D1212A /* PKHUDMACOS.framework in Embed Frameworks */ = {isa = PBXBuildFile; fileRef = 4FD0E31F1D1A7D3600D1212A /* PKHUDMACOS.framework */; settings = {ATTRIBUTES = (CodeSignOnCopy, RemoveHeadersOnCopy, ); }; };
		F935B1581B2B8088003C3734 /* Storyboard.storyboard in Resources */ = {isa = PBXBuildFile; fileRef = F935B1571B2B8088003C3734 /* Storyboard.storyboard */; };
		F935B15A1B2B865A003C3734 /* Launch Screen.storyboard in Resources */ = {isa = PBXBuildFile; fileRef = F935B1591B2B865A003C3734 /* Launch Screen.storyboard */; };
		F996320219514FAC001F73CA /* AppDelegate.swift in Sources */ = {isa = PBXBuildFile; fileRef = F996320119514FAC001F73CA /* AppDelegate.swift */; };
		F996320419514FAD001F73CA /* Images.xcassets in Resources */ = {isa = PBXBuildFile; fileRef = F996320319514FAD001F73CA /* Images.xcassets */; };
		F996322319514FD8001F73CA /* PKHUD.h in Headers */ = {isa = PBXBuildFile; fileRef = F996322219514FD8001F73CA /* PKHUD.h */; settings = {ATTRIBUTES = (Public, ); }; };
		F996323319514FD8001F73CA /* PKHUD.framework in Frameworks */ = {isa = PBXBuildFile; fileRef = F996321E19514FD8001F73CA /* PKHUD.framework */; };
		F996323419514FD8001F73CA /* PKHUD.framework in Embed Frameworks */ = {isa = PBXBuildFile; fileRef = F996321E19514FD8001F73CA /* PKHUD.framework */; settings = {ATTRIBUTES = (CodeSignOnCopy, ); }; };
		F996325919515052001F73CA /* DemoViewController.swift in Sources */ = {isa = PBXBuildFile; fileRef = F996325819515052001F73CA /* DemoViewController.swift */; };
/* End PBXBuildFile section */

/* Begin PBXContainerItemProxy section */
		4FD0E3241D1A7D3600D1212A /* PBXContainerItemProxy */ = {
			isa = PBXContainerItemProxy;
			containerPortal = F99631F419514FAC001F73CA /* Project object */;
			proxyType = 1;
			remoteGlobalIDString = 4FD0E31E1D1A7D3600D1212A;
			remoteInfo = PKHUDMACOS;
		};
		F996323119514FD8001F73CA /* PBXContainerItemProxy */ = {
			isa = PBXContainerItemProxy;
			containerPortal = F99631F419514FAC001F73CA /* Project object */;
			proxyType = 1;
			remoteGlobalIDString = F996321D19514FD8001F73CA;
			remoteInfo = PKHUD;
		};
		F996323519514FD8001F73CA /* PBXContainerItemProxy */ = {
			isa = PBXContainerItemProxy;
			containerPortal = F99631F419514FAC001F73CA /* Project object */;
			proxyType = 1;
			remoteGlobalIDString = F996321D19514FD8001F73CA;
			remoteInfo = PKHUD;
		};
/* End PBXContainerItemProxy section */

/* Begin PBXCopyFilesBuildPhase section */
		4FB23C611D1A77C1006C2105 /* Embed Frameworks */ = {
			isa = PBXCopyFilesBuildPhase;
			buildActionMask = 2147483647;
			dstPath = "";
			dstSubfolderSpec = 10;
			files = (
				4FD0E3271D1A7D3600D1212A /* PKHUDMACOS.framework in Embed Frameworks */,
			);
			name = "Embed Frameworks";
			runOnlyForDeploymentPostprocessing = 0;
		};
		F996323A19514FD8001F73CA /* Embed Frameworks */ = {
			isa = PBXCopyFilesBuildPhase;
			buildActionMask = 2147483647;
			dstPath = "";
			dstSubfolderSpec = 10;
			files = (
				F996323419514FD8001F73CA /* PKHUD.framework in Embed Frameworks */,
			);
			name = "Embed Frameworks";
			runOnlyForDeploymentPostprocessing = 0;
		};
/* End PBXCopyFilesBuildPhase section */

/* Begin PBXFileReference section */
		4F2C21601D1C2B6A00D2CEAE /* ContainerView.swift */ = {isa = PBXFileReference; fileEncoding = 4; lastKnownFileType = sourcecode.swift; path = ContainerView.swift; sourceTree = "<group>"; };
		4F2C21611D1C2B6A00D2CEAE /* FrameView.swift */ = {isa = PBXFileReference; fileEncoding = 4; lastKnownFileType = sourcecode.swift; path = FrameView.swift; sourceTree = "<group>"; };
		4F2C21621D1C2B6A00D2CEAE /* HUD.swift */ = {isa = PBXFileReference; fileEncoding = 4; lastKnownFileType = sourcecode.swift; path = HUD.swift; sourceTree = "<group>"; };
		4F2C21631D1C2B6A00D2CEAE /* Images.xcassets */ = {isa = PBXFileReference; lastKnownFileType = folder.assetcatalog; path = Images.xcassets; sourceTree = "<group>"; };
		4F2C21661D1C2B6A00D2CEAE /* PKHUD.swift */ = {isa = PBXFileReference; fileEncoding = 4; lastKnownFileType = sourcecode.swift; path = PKHUD.swift; sourceTree = "<group>"; };
		4F2C21671D1C2B6A00D2CEAE /* PKHUDAnimating.swift */ = {isa = PBXFileReference; fileEncoding = 4; lastKnownFileType = sourcecode.swift; path = PKHUDAnimating.swift; sourceTree = "<group>"; };
		4F2C21681D1C2B6A00D2CEAE /* PKHUDAnimation.swift */ = {isa = PBXFileReference; fileEncoding = 4; lastKnownFileType = sourcecode.swift; path = PKHUDAnimation.swift; sourceTree = "<group>"; };
		4F2C21691D1C2B6A00D2CEAE /* PKHUDAssets.swift */ = {isa = PBXFileReference; fileEncoding = 4; lastKnownFileType = sourcecode.swift; path = PKHUDAssets.swift; sourceTree = "<group>"; };
		4F2C216A1D1C2B6A00D2CEAE /* PKHUDErrorView.swift */ = {isa = PBXFileReference; fileEncoding = 4; lastKnownFileType = sourcecode.swift; path = PKHUDErrorView.swift; sourceTree = "<group>"; };
		4F2C216B1D1C2B6A00D2CEAE /* PKHUDProgressView.swift */ = {isa = PBXFileReference; fileEncoding = 4; lastKnownFileType = sourcecode.swift; path = PKHUDProgressView.swift; sourceTree = "<group>"; };
		4F2C216C1D1C2B6A00D2CEAE /* PKHUDRotatingImageView.swift */ = {isa = PBXFileReference; fileEncoding = 4; lastKnownFileType = sourcecode.swift; path = PKHUDRotatingImageView.swift; sourceTree = "<group>"; };
		4F2C216D1D1C2B6A00D2CEAE /* PKHUDSquareBaseView.swift */ = {isa = PBXFileReference; fileEncoding = 4; lastKnownFileType = sourcecode.swift; path = PKHUDSquareBaseView.swift; sourceTree = "<group>"; };
		4F2C216E1D1C2B6A00D2CEAE /* PKHUDSuccessView.swift */ = {isa = PBXFileReference; fileEncoding = 4; lastKnownFileType = sourcecode.swift; path = PKHUDSuccessView.swift; sourceTree = "<group>"; };
		4F2C216F1D1C2B6A00D2CEAE /* PKHUDSystemActivityIndicatorView.swift */ = {isa = PBXFileReference; fileEncoding = 4; lastKnownFileType = sourcecode.swift; path = PKHUDSystemActivityIndicatorView.swift; sourceTree = "<group>"; };
		4F2C21701D1C2B6A00D2CEAE /* PKHUDTextView.swift */ = {isa = PBXFileReference; fileEncoding = 4; lastKnownFileType = sourcecode.swift; path = PKHUDTextView.swift; sourceTree = "<group>"; };
		4F2C21711D1C2B6A00D2CEAE /* PKHUDWideBaseView.swift */ = {isa = PBXFileReference; fileEncoding = 4; lastKnownFileType = sourcecode.swift; path = PKHUDWideBaseView.swift; sourceTree = "<group>"; };
		4F59F1AF1D1AB75E001D9851 /* Images.xcassets */ = {isa = PBXFileReference; lastKnownFileType = folder.assetcatalog; name = Images.xcassets; path = Demo/Images.xcassets; sourceTree = SOURCE_ROOT; };
		4F5E503B1D1D1F8300C95F62 /* NSBezierPath+.swift */ = {isa = PBXFileReference; fileEncoding = 4; lastKnownFileType = sourcecode.swift; path = "NSBezierPath+.swift"; sourceTree = "<group>"; };
		4FB23C411D1A75F4006C2105 /* PKHUD OSX Demo.app */ = {isa = PBXFileReference; explicitFileType = wrapper.application; includeInIndex = 0; path = "PKHUD OSX Demo.app"; sourceTree = BUILT_PRODUCTS_DIR; };
		4FB23C431D1A75F4006C2105 /* AppDelegate.swift */ = {isa = PBXFileReference; lastKnownFileType = sourcecode.swift; path = AppDelegate.swift; sourceTree = "<group>"; };
		4FB23C451D1A75F4006C2105 /* ViewController.swift */ = {isa = PBXFileReference; lastKnownFileType = sourcecode.swift; path = ViewController.swift; sourceTree = "<group>"; };
		4FB23C4A1D1A75F4006C2105 /* Base */ = {isa = PBXFileReference; lastKnownFileType = file.storyboard; name = Base; path = Base.lproj/Main.storyboard; sourceTree = "<group>"; };
		4FB23C4C1D1A75F4006C2105 /* Info.plist */ = {isa = PBXFileReference; lastKnownFileType = text.plist.xml; path = Info.plist; sourceTree = "<group>"; };
		4FD0E31F1D1A7D3600D1212A /* PKHUDMACOS.framework */ = {isa = PBXFileReference; explicitFileType = wrapper.framework; includeInIndex = 0; path = PKHUDMACOS.framework; sourceTree = BUILT_PRODUCTS_DIR; };
		4FD0E3211D1A7D3600D1212A /* PKHUDMACOS.h */ = {isa = PBXFileReference; lastKnownFileType = sourcecode.c.h; path = PKHUDMACOS.h; sourceTree = "<group>"; };
		4FD0E3231D1A7D3600D1212A /* Info.plist */ = {isa = PBXFileReference; lastKnownFileType = text.plist.xml; path = Info.plist; sourceTree = "<group>"; };
		F935B1571B2B8088003C3734 /* Storyboard.storyboard */ = {isa = PBXFileReference; fileEncoding = 4; lastKnownFileType = file.storyboard; path = Storyboard.storyboard; sourceTree = "<group>"; };
		F935B1591B2B865A003C3734 /* Launch Screen.storyboard */ = {isa = PBXFileReference; fileEncoding = 4; lastKnownFileType = file.storyboard; path = "Launch Screen.storyboard"; sourceTree = "<group>"; };
		F99631FC19514FAC001F73CA /* PKHUD Demo.app */ = {isa = PBXFileReference; explicitFileType = wrapper.application; includeInIndex = 0; path = "PKHUD Demo.app"; sourceTree = BUILT_PRODUCTS_DIR; };
		F996320019514FAC001F73CA /* Info.plist */ = {isa = PBXFileReference; lastKnownFileType = text.plist.xml; path = Info.plist; sourceTree = "<group>"; };
		F996320119514FAC001F73CA /* AppDelegate.swift */ = {isa = PBXFileReference; lastKnownFileType = sourcecode.swift; path = AppDelegate.swift; sourceTree = "<group>"; };
		F996320319514FAD001F73CA /* Images.xcassets */ = {isa = PBXFileReference; lastKnownFileType = folder.assetcatalog; path = Images.xcassets; sourceTree = "<group>"; };
		F996321E19514FD8001F73CA /* PKHUD.framework */ = {isa = PBXFileReference; explicitFileType = wrapper.framework; includeInIndex = 0; path = PKHUD.framework; sourceTree = BUILT_PRODUCTS_DIR; };
		F996322119514FD8001F73CA /* Info.plist */ = {isa = PBXFileReference; lastKnownFileType = text.plist.xml; path = Info.plist; sourceTree = "<group>"; };
		F996322219514FD8001F73CA /* PKHUD.h */ = {isa = PBXFileReference; lastKnownFileType = sourcecode.c.h; path = PKHUD.h; sourceTree = "<group>"; };
		F996325819515052001F73CA /* DemoViewController.swift */ = {isa = PBXFileReference; fileEncoding = 4; lastKnownFileType = sourcecode.swift; path = DemoViewController.swift; sourceTree = "<group>"; };
/* End PBXFileReference section */

/* Begin PBXFrameworksBuildPhase section */
		4FB23C3E1D1A75F4006C2105 /* Frameworks */ = {
			isa = PBXFrameworksBuildPhase;
			buildActionMask = 2147483647;
			files = (
				4FD0E3261D1A7D3600D1212A /* PKHUDMACOS.framework in Frameworks */,
			);
			runOnlyForDeploymentPostprocessing = 0;
		};
		4FD0E31B1D1A7D3600D1212A /* Frameworks */ = {
			isa = PBXFrameworksBuildPhase;
			buildActionMask = 2147483647;
			files = (
			);
			runOnlyForDeploymentPostprocessing = 0;
		};
		F99631F919514FAC001F73CA /* Frameworks */ = {
			isa = PBXFrameworksBuildPhase;
			buildActionMask = 2147483647;
			files = (
				F996323319514FD8001F73CA /* PKHUD.framework in Frameworks */,
			);
			runOnlyForDeploymentPostprocessing = 0;
		};
		F996321A19514FD8001F73CA /* Frameworks */ = {
			isa = PBXFrameworksBuildPhase;
			buildActionMask = 2147483647;
			files = (
			);
			runOnlyForDeploymentPostprocessing = 0;
		};
/* End PBXFrameworksBuildPhase section */

/* Begin PBXGroup section */
		4F2C215E1D1C109500D2CEAE /* Shared */ = {
			isa = PBXGroup;
			children = (
				4F2C21981D1C2BBF00D2CEAE /* ContentViews */,
				4F2C21621D1C2B6A00D2CEAE /* HUD.swift */,
				4F2C21661D1C2B6A00D2CEAE /* PKHUD.swift */,
				4F2C21BA1D1C2C2400D2CEAE /* Internal */,
				4F2C21BB1D1C2C3700D2CEAE /* Assets */,
			);
			path = Shared;
			sourceTree = "<group>";
		};
		4F2C21981D1C2BBF00D2CEAE /* ContentViews */ = {
			isa = PBXGroup;
			children = (
				4F2C216A1D1C2B6A00D2CEAE /* PKHUDErrorView.swift */,
				4F2C216B1D1C2B6A00D2CEAE /* PKHUDProgressView.swift */,
				4F2C216C1D1C2B6A00D2CEAE /* PKHUDRotatingImageView.swift */,
				4F2C216D1D1C2B6A00D2CEAE /* PKHUDSquareBaseView.swift */,
				4F2C216E1D1C2B6A00D2CEAE /* PKHUDSuccessView.swift */,
				4F2C216F1D1C2B6A00D2CEAE /* PKHUDSystemActivityIndicatorView.swift */,
				4F2C21701D1C2B6A00D2CEAE /* PKHUDTextView.swift */,
				4F2C21711D1C2B6A00D2CEAE /* PKHUDWideBaseView.swift */,
			);
			name = ContentViews;
			sourceTree = "<group>";
		};
		4F2C21BA1D1C2C2400D2CEAE /* Internal */ = {
			isa = PBXGroup;
			children = (
				4F2C21681D1C2B6A00D2CEAE /* PKHUDAnimation.swift */,
				4F2C21601D1C2B6A00D2CEAE /* ContainerView.swift */,
				4F2C21611D1C2B6A00D2CEAE /* FrameView.swift */,
				4F2C21671D1C2B6A00D2CEAE /* PKHUDAnimating.swift */,
			);
			name = Internal;
			sourceTree = "<group>";
		};
		4F2C21BB1D1C2C3700D2CEAE /* Assets */ = {
			isa = PBXGroup;
			children = (
				4F2C21631D1C2B6A00D2CEAE /* Images.xcassets */,
				4F2C21691D1C2B6A00D2CEAE /* PKHUDAssets.swift */,
			);
			name = Assets;
			sourceTree = "<group>";
		};
		4FB23C421D1A75F4006C2105 /* PKHUD OSX Demo */ = {
			isa = PBXGroup;
			children = (
				4FB23C431D1A75F4006C2105 /* AppDelegate.swift */,
				4FB23C451D1A75F4006C2105 /* ViewController.swift */,
				4F59F1AF1D1AB75E001D9851 /* Images.xcassets */,
				4FB23C491D1A75F4006C2105 /* Main.storyboard */,
				4FB23C4C1D1A75F4006C2105 /* Info.plist */,
			);
			path = "PKHUD OSX Demo";
			sourceTree = "<group>";
		};
		4FD0E3201D1A7D3600D1212A /* PKHUDMACOS */ = {
			isa = PBXGroup;
			children = (
				4F5E503B1D1D1F8300C95F62 /* NSBezierPath+.swift */,
				4FD0E3211D1A7D3600D1212A /* PKHUDMACOS.h */,
				4FD0E3231D1A7D3600D1212A /* Info.plist */,
			);
			path = PKHUDMACOS;
			sourceTree = "<group>";
		};
		F99631F319514FAC001F73CA = {
			isa = PBXGroup;
			children = (
				4F2C215E1D1C109500D2CEAE /* Shared */,
				F99631FE19514FAC001F73CA /* PKHUD Demo */,
				4FB23C421D1A75F4006C2105 /* PKHUD OSX Demo */,
				F996321F19514FD8001F73CA /* PKHUD */,
				4FD0E3201D1A7D3600D1212A /* PKHUDMACOS */,
				F99631FD19514FAC001F73CA /* Products */,
			);
			sourceTree = "<group>";
		};
		F99631FD19514FAC001F73CA /* Products */ = {
			isa = PBXGroup;
			children = (
				F99631FC19514FAC001F73CA /* PKHUD Demo.app */,
				F996321E19514FD8001F73CA /* PKHUD.framework */,
				4FB23C411D1A75F4006C2105 /* PKHUD OSX Demo.app */,
				4FD0E31F1D1A7D3600D1212A /* PKHUDMACOS.framework */,
			);
			name = Products;
			sourceTree = "<group>";
		};
		F99631FE19514FAC001F73CA /* PKHUD Demo */ = {
			isa = PBXGroup;
			children = (
				F996320119514FAC001F73CA /* AppDelegate.swift */,
				F996325819515052001F73CA /* DemoViewController.swift */,
				F935B1571B2B8088003C3734 /* Storyboard.storyboard */,
				F935B1591B2B865A003C3734 /* Launch Screen.storyboard */,
				F99631FF19514FAC001F73CA /* Supporting Files */,
			);
			name = "PKHUD Demo";
			path = Demo;
			sourceTree = "<group>";
		};
		F99631FF19514FAC001F73CA /* Supporting Files */ = {
			isa = PBXGroup;
			children = (
				F996320319514FAD001F73CA /* Images.xcassets */,
				F996320019514FAC001F73CA /* Info.plist */,
			);
			name = "Supporting Files";
			sourceTree = "<group>";
		};
		F996321F19514FD8001F73CA /* PKHUD */ = {
			isa = PBXGroup;
			children = (
				F996322219514FD8001F73CA /* PKHUD.h */,
				F996322119514FD8001F73CA /* Info.plist */,
			);
			path = PKHUD;
			sourceTree = "<group>";
		};
/* End PBXGroup section */

/* Begin PBXHeadersBuildPhase section */
		4FD0E31C1D1A7D3600D1212A /* Headers */ = {
			isa = PBXHeadersBuildPhase;
			buildActionMask = 2147483647;
			files = (
				4FD0E3221D1A7D3600D1212A /* PKHUDMACOS.h in Headers */,
				4F2C215F1D1C1E0F00D2CEAE /* PKHUD.h in Headers */,
			);
			runOnlyForDeploymentPostprocessing = 0;
		};
		F996321B19514FD8001F73CA /* Headers */ = {
			isa = PBXHeadersBuildPhase;
			buildActionMask = 2147483647;
			files = (
				F996322319514FD8001F73CA /* PKHUD.h in Headers */,
			);
			runOnlyForDeploymentPostprocessing = 0;
		};
/* End PBXHeadersBuildPhase section */

/* Begin PBXNativeTarget section */
		4FB23C401D1A75F4006C2105 /* PKHUD OSX Demo */ = {
			isa = PBXNativeTarget;
			buildConfigurationList = 4FB23C4F1D1A75F4006C2105 /* Build configuration list for PBXNativeTarget "PKHUD OSX Demo" */;
			buildPhases = (
				4FB23C3D1D1A75F4006C2105 /* Sources */,
				4FB23C3E1D1A75F4006C2105 /* Frameworks */,
				4FB23C3F1D1A75F4006C2105 /* Resources */,
				4FB23C611D1A77C1006C2105 /* Embed Frameworks */,
			);
			buildRules = (
			);
			dependencies = (
				4FD0E3251D1A7D3600D1212A /* PBXTargetDependency */,
			);
			name = "PKHUD OSX Demo";
			productName = "PKHUD OSX Demo";
			productReference = 4FB23C411D1A75F4006C2105 /* PKHUD OSX Demo.app */;
			productType = "com.apple.product-type.application";
		};
		4FD0E31E1D1A7D3600D1212A /* PKHUDMACOS */ = {
			isa = PBXNativeTarget;
			buildConfigurationList = 4FD0E3281D1A7D3600D1212A /* Build configuration list for PBXNativeTarget "PKHUDMACOS" */;
			buildPhases = (
				4FD0E31A1D1A7D3600D1212A /* Sources */,
				4FD0E31B1D1A7D3600D1212A /* Frameworks */,
				4FD0E31C1D1A7D3600D1212A /* Headers */,
				4FD0E31D1D1A7D3600D1212A /* Resources */,
			);
			buildRules = (
			);
			dependencies = (
			);
			name = PKHUDMACOS;
			productName = PKHUDMACOS;
			productReference = 4FD0E31F1D1A7D3600D1212A /* PKHUDMACOS.framework */;
			productType = "com.apple.product-type.framework";
		};
		F99631FB19514FAC001F73CA /* PKHUD Demo */ = {
			isa = PBXNativeTarget;
			buildConfigurationList = F996321319514FAD001F73CA /* Build configuration list for PBXNativeTarget "PKHUD Demo" */;
			buildPhases = (
				F99631F819514FAC001F73CA /* Sources */,
				F99631F919514FAC001F73CA /* Frameworks */,
				F99631FA19514FAC001F73CA /* Resources */,
				F996323A19514FD8001F73CA /* Embed Frameworks */,
			);
			buildRules = (
			);
			dependencies = (
				F996323219514FD8001F73CA /* PBXTargetDependency */,
				F996323619514FD8001F73CA /* PBXTargetDependency */,
			);
			name = "PKHUD Demo";
			productName = "PKHUD Demo";
			productReference = F99631FC19514FAC001F73CA /* PKHUD Demo.app */;
			productType = "com.apple.product-type.application";
		};
		F996321D19514FD8001F73CA /* PKHUD */ = {
			isa = PBXNativeTarget;
			buildConfigurationList = F996323719514FD8001F73CA /* Build configuration list for PBXNativeTarget "PKHUD" */;
			buildPhases = (
				F996321919514FD8001F73CA /* Sources */,
				F996321A19514FD8001F73CA /* Frameworks */,
				F996321B19514FD8001F73CA /* Headers */,
				F996321C19514FD8001F73CA /* Resources */,
			);
			buildRules = (
			);
			dependencies = (
			);
			name = PKHUD;
			productName = PKHUD;
			productReference = F996321E19514FD8001F73CA /* PKHUD.framework */;
			productType = "com.apple.product-type.framework";
		};
/* End PBXNativeTarget section */

/* Begin PBXProject section */
		F99631F419514FAC001F73CA /* Project object */ = {
			isa = PBXProject;
			attributes = {
				LastSwiftUpdateCheck = 0730;
				LastUpgradeCheck = 0700;
				ORGANIZATIONNAME = NSExceptional;
				TargetAttributes = {
					4FB23C401D1A75F4006C2105 = {
						CreatedOnToolsVersion = 7.3.1;
					};
					4FD0E31E1D1A7D3600D1212A = {
						CreatedOnToolsVersion = 7.3.1;
					};
					F99631FB19514FAC001F73CA = {
						CreatedOnToolsVersion = 6.0;
					};
					F996321D19514FD8001F73CA = {
						CreatedOnToolsVersion = 6.0;
					};
				};
			};
			buildConfigurationList = F99631F719514FAC001F73CA /* Build configuration list for PBXProject "PKHUD" */;
			compatibilityVersion = "Xcode 3.2";
			developmentRegion = English;
			hasScannedForEncodings = 0;
			knownRegions = (
				en,
				Base,
			);
			mainGroup = F99631F319514FAC001F73CA;
			productRefGroup = F99631FD19514FAC001F73CA /* Products */;
			projectDirPath = "";
			projectRoot = "";
			targets = (
				F99631FB19514FAC001F73CA /* PKHUD Demo */,
				F996321D19514FD8001F73CA /* PKHUD */,
				4FB23C401D1A75F4006C2105 /* PKHUD OSX Demo */,
				4FD0E31E1D1A7D3600D1212A /* PKHUDMACOS */,
			);
		};
/* End PBXProject section */

/* Begin PBXResourcesBuildPhase section */
		4FB23C3F1D1A75F4006C2105 /* Resources */ = {
			isa = PBXResourcesBuildPhase;
			buildActionMask = 2147483647;
			files = (
				4F59F1B01D1AB75E001D9851 /* Images.xcassets in Resources */,
				4FB23C4B1D1A75F4006C2105 /* Main.storyboard in Resources */,
			);
			runOnlyForDeploymentPostprocessing = 0;
		};
		4FD0E31D1D1A7D3600D1212A /* Resources */ = {
			isa = PBXResourcesBuildPhase;
			buildActionMask = 2147483647;
			files = (
				4F2C219D1D1C2BFF00D2CEAE /* Images.xcassets in Resources */,
			);
			runOnlyForDeploymentPostprocessing = 0;
		};
		F99631FA19514FAC001F73CA /* Resources */ = {
			isa = PBXResourcesBuildPhase;
			buildActionMask = 2147483647;
			files = (
				F935B15A1B2B865A003C3734 /* Launch Screen.storyboard in Resources */,
				F996320419514FAD001F73CA /* Images.xcassets in Resources */,
				F935B1581B2B8088003C3734 /* Storyboard.storyboard in Resources */,
			);
			runOnlyForDeploymentPostprocessing = 0;
		};
		F996321C19514FD8001F73CA /* Resources */ = {
			isa = PBXResourcesBuildPhase;
			buildActionMask = 2147483647;
			files = (
				4F2C21A51D1C2C0000D2CEAE /* Images.xcassets in Resources */,
			);
			runOnlyForDeploymentPostprocessing = 0;
		};
/* End PBXResourcesBuildPhase section */

/* Begin PBXSourcesBuildPhase section */
		4FB23C3D1D1A75F4006C2105 /* Sources */ = {
			isa = PBXSourcesBuildPhase;
			buildActionMask = 2147483647;
			files = (
				4FB23C461D1A75F4006C2105 /* ViewController.swift in Sources */,
				4FB23C441D1A75F4006C2105 /* AppDelegate.swift in Sources */,
			);
			runOnlyForDeploymentPostprocessing = 0;
		};
		4FD0E31A1D1A7D3600D1212A /* Sources */ = {
			isa = PBXSourcesBuildPhase;
			buildActionMask = 2147483647;
			files = (
				4F2C21B11D1C2C0A00D2CEAE /* PKHUDErrorView.swift in Sources */,
				4F2C219C1D1C2BFF00D2CEAE /* HUD.swift in Sources */,
				4F2C219A1D1C2BFF00D2CEAE /* ContainerView.swift in Sources */,
				4F2C21B21D1C2C0A00D2CEAE /* PKHUDProgressView.swift in Sources */,
				4F2C21B31D1C2C0A00D2CEAE /* PKHUDRotatingImageView.swift in Sources */,
				4F2C21991D1C2BFF00D2CEAE /* PKHUD.swift in Sources */,
				4F2C21A01D1C2BFF00D2CEAE /* PKHUDAssets.swift in Sources */,
				4F2C219B1D1C2BFF00D2CEAE /* FrameView.swift in Sources */,
				4F5E503C1D1D1F8300C95F62 /* NSBezierPath+.swift in Sources */,
				4F2C21B71D1C2C0A00D2CEAE /* PKHUDTextView.swift in Sources */,
				4F2C21B61D1C2C0A00D2CEAE /* PKHUDSystemActivityIndicatorView.swift in Sources */,
				4F2C21B51D1C2C0A00D2CEAE /* PKHUDSuccessView.swift in Sources */,
				4F2C219F1D1C2BFF00D2CEAE /* PKHUDAnimation.swift in Sources */,
				4F2C21B81D1C2C0A00D2CEAE /* PKHUDWideBaseView.swift in Sources */,
				4F2C219E1D1C2BFF00D2CEAE /* PKHUDAnimating.swift in Sources */,
				4F2C21B41D1C2C0A00D2CEAE /* PKHUDSquareBaseView.swift in Sources */,
			);
			runOnlyForDeploymentPostprocessing = 0;
		};
		F99631F819514FAC001F73CA /* Sources */ = {
			isa = PBXSourcesBuildPhase;
			buildActionMask = 2147483647;
			files = (
				F996325919515052001F73CA /* DemoViewController.swift in Sources */,
				F996320219514FAC001F73CA /* AppDelegate.swift in Sources */,
			);
			runOnlyForDeploymentPostprocessing = 0;
		};
		F996321919514FD8001F73CA /* Sources */ = {
			isa = PBXSourcesBuildPhase;
			buildActionMask = 2147483647;
			files = (
				4F2C21A91D1C2C0900D2CEAE /* PKHUDErrorView.swift in Sources */,
				4F2C21A41D1C2C0000D2CEAE /* HUD.swift in Sources */,
				4F2C21A21D1C2C0000D2CEAE /* ContainerView.swift in Sources */,
				4F2C21AA1D1C2C0900D2CEAE /* PKHUDProgressView.swift in Sources */,
				4F2C21AB1D1C2C0900D2CEAE /* PKHUDRotatingImageView.swift in Sources */,
				4F2C21A11D1C2C0000D2CEAE /* PKHUD.swift in Sources */,
				4F2C21A81D1C2C0000D2CEAE /* PKHUDAssets.swift in Sources */,
				4F2C21A31D1C2C0000D2CEAE /* FrameView.swift in Sources */,
				4F2C21AF1D1C2C0900D2CEAE /* PKHUDTextView.swift in Sources */,
				4F2C21AE1D1C2C0900D2CEAE /* PKHUDSystemActivityIndicatorView.swift in Sources */,
				4F2C21AD1D1C2C0900D2CEAE /* PKHUDSuccessView.swift in Sources */,
				4F2C21A71D1C2C0000D2CEAE /* PKHUDAnimation.swift in Sources */,
				4F2C21B01D1C2C0900D2CEAE /* PKHUDWideBaseView.swift in Sources */,
				4F2C21A61D1C2C0000D2CEAE /* PKHUDAnimating.swift in Sources */,
				4F2C21AC1D1C2C0900D2CEAE /* PKHUDSquareBaseView.swift in Sources */,
			);
			runOnlyForDeploymentPostprocessing = 0;
		};
/* End PBXSourcesBuildPhase section */

/* Begin PBXTargetDependency section */
		4FD0E3251D1A7D3600D1212A /* PBXTargetDependency */ = {
			isa = PBXTargetDependency;
			target = 4FD0E31E1D1A7D3600D1212A /* PKHUDMACOS */;
			targetProxy = 4FD0E3241D1A7D3600D1212A /* PBXContainerItemProxy */;
		};
		F996323219514FD8001F73CA /* PBXTargetDependency */ = {
			isa = PBXTargetDependency;
			target = F996321D19514FD8001F73CA /* PKHUD */;
			targetProxy = F996323119514FD8001F73CA /* PBXContainerItemProxy */;
		};
		F996323619514FD8001F73CA /* PBXTargetDependency */ = {
			isa = PBXTargetDependency;
			target = F996321D19514FD8001F73CA /* PKHUD */;
			targetProxy = F996323519514FD8001F73CA /* PBXContainerItemProxy */;
		};
/* End PBXTargetDependency section */

/* Begin PBXVariantGroup section */
		4FB23C491D1A75F4006C2105 /* Main.storyboard */ = {
			isa = PBXVariantGroup;
			children = (
				4FB23C4A1D1A75F4006C2105 /* Base */,
			);
			name = Main.storyboard;
			sourceTree = "<group>";
		};
/* End PBXVariantGroup section */

/* Begin XCBuildConfiguration section */
		4FB23C4D1D1A75F4006C2105 /* Debug */ = {
			isa = XCBuildConfiguration;
			buildSettings = {
				ASSETCATALOG_COMPILER_APPICON_NAME = AppIcon;
				CLANG_ANALYZER_NONNULL = YES;
				CODE_SIGN_IDENTITY = "-";
				COMBINE_HIDPI_IMAGES = YES;
				DEBUG_INFORMATION_FORMAT = dwarf;
				EMBEDDED_CONTENT_CONTAINS_SWIFT = YES;
				GCC_NO_COMMON_BLOCKS = YES;
				INFOPLIST_FILE = "PKHUD OSX Demo/Info.plist";
				LD_RUNPATH_SEARCH_PATHS = "$(inherited) @executable_path/../Frameworks";
				MACOSX_DEPLOYMENT_TARGET = 10.11;
				MTL_ENABLE_DEBUG_INFO = YES;
				PRODUCT_BUNDLE_IDENTIFIER = "de.stoegerit.PKHUD-OSX-Demo";
				PRODUCT_NAME = "$(TARGET_NAME)";
				SDKROOT = macosx;
			};
			name = Debug;
		};
		4FB23C4E1D1A75F4006C2105 /* Release */ = {
			isa = XCBuildConfiguration;
			buildSettings = {
				ASSETCATALOG_COMPILER_APPICON_NAME = AppIcon;
				CLANG_ANALYZER_NONNULL = YES;
				CODE_SIGN_IDENTITY = "-";
				COMBINE_HIDPI_IMAGES = YES;
				COPY_PHASE_STRIP = NO;
				DEBUG_INFORMATION_FORMAT = "dwarf-with-dsym";
				EMBEDDED_CONTENT_CONTAINS_SWIFT = YES;
				GCC_NO_COMMON_BLOCKS = YES;
				INFOPLIST_FILE = "PKHUD OSX Demo/Info.plist";
				LD_RUNPATH_SEARCH_PATHS = "$(inherited) @executable_path/../Frameworks";
				MACOSX_DEPLOYMENT_TARGET = 10.11;
				MTL_ENABLE_DEBUG_INFO = NO;
				PRODUCT_BUNDLE_IDENTIFIER = "de.stoegerit.PKHUD-OSX-Demo";
				PRODUCT_NAME = "$(TARGET_NAME)";
				SDKROOT = macosx;
			};
			name = Release;
		};
		4FD0E3291D1A7D3600D1212A /* Debug */ = {
			isa = XCBuildConfiguration;
			buildSettings = {
				CLANG_ANALYZER_NONNULL = YES;
				CODE_SIGN_IDENTITY = "-";
				COMBINE_HIDPI_IMAGES = YES;
				CURRENT_PROJECT_VERSION = 1;
				DEBUG_INFORMATION_FORMAT = dwarf;
				DEFINES_MODULE = YES;
				DYLIB_COMPATIBILITY_VERSION = 1;
				DYLIB_CURRENT_VERSION = 1;
				DYLIB_INSTALL_NAME_BASE = "@rpath";
				FRAMEWORK_VERSION = A;
				GCC_NO_COMMON_BLOCKS = YES;
				INFOPLIST_FILE = PKHUDMACOS/Info.plist;
				INSTALL_PATH = "$(LOCAL_LIBRARY_DIR)/Frameworks";
				LD_RUNPATH_SEARCH_PATHS = "$(inherited) @executable_path/../Frameworks @loader_path/Frameworks";
				MACOSX_DEPLOYMENT_TARGET = 10.11;
				MTL_ENABLE_DEBUG_INFO = YES;
				PRODUCT_BUNDLE_IDENTIFIER = de.stoegerit.PKHUDMACOS;
				PRODUCT_NAME = "$(TARGET_NAME)";
				SDKROOT = macosx;
				SKIP_INSTALL = YES;
				VERSIONING_SYSTEM = "apple-generic";
				VERSION_INFO_PREFIX = "";
			};
			name = Debug;
		};
		4FD0E32A1D1A7D3600D1212A /* Release */ = {
			isa = XCBuildConfiguration;
			buildSettings = {
				CLANG_ANALYZER_NONNULL = YES;
				CODE_SIGN_IDENTITY = "-";
				COMBINE_HIDPI_IMAGES = YES;
				COPY_PHASE_STRIP = NO;
				CURRENT_PROJECT_VERSION = 1;
				DEBUG_INFORMATION_FORMAT = "dwarf-with-dsym";
				DEFINES_MODULE = YES;
				DYLIB_COMPATIBILITY_VERSION = 1;
				DYLIB_CURRENT_VERSION = 1;
				DYLIB_INSTALL_NAME_BASE = "@rpath";
				FRAMEWORK_VERSION = A;
				GCC_NO_COMMON_BLOCKS = YES;
				INFOPLIST_FILE = PKHUDMACOS/Info.plist;
				INSTALL_PATH = "$(LOCAL_LIBRARY_DIR)/Frameworks";
				LD_RUNPATH_SEARCH_PATHS = "$(inherited) @executable_path/../Frameworks @loader_path/Frameworks";
				MACOSX_DEPLOYMENT_TARGET = 10.11;
				MTL_ENABLE_DEBUG_INFO = NO;
				PRODUCT_BUNDLE_IDENTIFIER = de.stoegerit.PKHUDMACOS;
				PRODUCT_NAME = "$(TARGET_NAME)";
				SDKROOT = macosx;
				SKIP_INSTALL = YES;
				VERSIONING_SYSTEM = "apple-generic";
				VERSION_INFO_PREFIX = "";
			};
			name = Release;
		};
		F996321119514FAD001F73CA /* Debug */ = {
			isa = XCBuildConfiguration;
			buildSettings = {
				ALWAYS_SEARCH_USER_PATHS = NO;
				CLANG_CXX_LANGUAGE_STANDARD = "gnu++0x";
				CLANG_CXX_LIBRARY = "libc++";
				CLANG_ENABLE_MODULES = YES;
				CLANG_ENABLE_OBJC_ARC = YES;
				CLANG_WARN_BOOL_CONVERSION = YES;
				CLANG_WARN_CONSTANT_CONVERSION = YES;
				CLANG_WARN_DIRECT_OBJC_ISA_USAGE = YES_ERROR;
				CLANG_WARN_EMPTY_BODY = YES;
				CLANG_WARN_ENUM_CONVERSION = YES;
				CLANG_WARN_INT_CONVERSION = YES;
				CLANG_WARN_OBJC_ROOT_CLASS = YES_ERROR;
				CLANG_WARN_UNREACHABLE_CODE = YES;
				CLANG_WARN__DUPLICATE_METHOD_MATCH = YES;
				"CODE_SIGN_IDENTITY[sdk=iphoneos*]" = "iPhone Developer";
				COPY_PHASE_STRIP = NO;
				ENABLE_STRICT_OBJC_MSGSEND = YES;
				ENABLE_TESTABILITY = YES;
				GCC_C_LANGUAGE_STANDARD = gnu99;
				GCC_DYNAMIC_NO_PIC = NO;
				GCC_OPTIMIZATION_LEVEL = 0;
				GCC_PREPROCESSOR_DEFINITIONS = (
					"DEBUG=1",
					"$(inherited)",
				);
				GCC_SYMBOLS_PRIVATE_EXTERN = NO;
				GCC_WARN_64_TO_32_BIT_CONVERSION = YES;
				GCC_WARN_ABOUT_MISSING_NEWLINE = YES;
				GCC_WARN_ABOUT_RETURN_TYPE = YES_ERROR;
				GCC_WARN_UNDECLARED_SELECTOR = YES;
				GCC_WARN_UNINITIALIZED_AUTOS = YES_AGGRESSIVE;
				GCC_WARN_UNUSED_FUNCTION = YES;
				GCC_WARN_UNUSED_VARIABLE = YES;
				IPHONEOS_DEPLOYMENT_TARGET = 8.0;
				METAL_ENABLE_DEBUG_INFO = YES;
				ONLY_ACTIVE_ARCH = YES;
				SDKROOT = iphoneos;
				SWIFT_OPTIMIZATION_LEVEL = "-Onone";
				TARGETED_DEVICE_FAMILY = "1,2";
			};
			name = Debug;
		};
		F996321219514FAD001F73CA /* Release */ = {
			isa = XCBuildConfiguration;
			buildSettings = {
				ALWAYS_SEARCH_USER_PATHS = NO;
				CLANG_CXX_LANGUAGE_STANDARD = "gnu++0x";
				CLANG_CXX_LIBRARY = "libc++";
				CLANG_ENABLE_MODULES = YES;
				CLANG_ENABLE_OBJC_ARC = YES;
				CLANG_WARN_BOOL_CONVERSION = YES;
				CLANG_WARN_CONSTANT_CONVERSION = YES;
				CLANG_WARN_DIRECT_OBJC_ISA_USAGE = YES_ERROR;
				CLANG_WARN_EMPTY_BODY = YES;
				CLANG_WARN_ENUM_CONVERSION = YES;
				CLANG_WARN_INT_CONVERSION = YES;
				CLANG_WARN_OBJC_ROOT_CLASS = YES_ERROR;
				CLANG_WARN_UNREACHABLE_CODE = YES;
				CLANG_WARN__DUPLICATE_METHOD_MATCH = YES;
				"CODE_SIGN_IDENTITY[sdk=iphoneos*]" = "iPhone Developer";
				COPY_PHASE_STRIP = YES;
				ENABLE_NS_ASSERTIONS = NO;
				ENABLE_STRICT_OBJC_MSGSEND = YES;
				GCC_C_LANGUAGE_STANDARD = gnu99;
				GCC_WARN_64_TO_32_BIT_CONVERSION = YES;
				GCC_WARN_ABOUT_MISSING_NEWLINE = YES;
				GCC_WARN_ABOUT_RETURN_TYPE = YES_ERROR;
				GCC_WARN_UNDECLARED_SELECTOR = YES;
				GCC_WARN_UNINITIALIZED_AUTOS = YES_AGGRESSIVE;
				GCC_WARN_UNUSED_FUNCTION = YES;
				GCC_WARN_UNUSED_VARIABLE = YES;
				IPHONEOS_DEPLOYMENT_TARGET = 8.0;
				METAL_ENABLE_DEBUG_INFO = NO;
				SDKROOT = iphoneos;
				TARGETED_DEVICE_FAMILY = "1,2";
				VALIDATE_PRODUCT = YES;
			};
			name = Release;
		};
		F996321419514FAD001F73CA /* Debug */ = {
			isa = XCBuildConfiguration;
			buildSettings = {
				ASSETCATALOG_COMPILER_APPICON_NAME = AppIcon;
				INFOPLIST_FILE = Demo/Info.plist;
				IPHONEOS_DEPLOYMENT_TARGET = 9.0;
				LD_RUNPATH_SEARCH_PATHS = "$(inherited) @executable_path/Frameworks";
				PRODUCT_BUNDLE_IDENTIFIER = "com.NSExceptional.${PRODUCT_NAME:rfc1034identifier}";
				PRODUCT_NAME = "$(TARGET_NAME)";
			};
			name = Debug;
		};
		F996321519514FAD001F73CA /* Release */ = {
			isa = XCBuildConfiguration;
			buildSettings = {
				ASSETCATALOG_COMPILER_APPICON_NAME = AppIcon;
				INFOPLIST_FILE = Demo/Info.plist;
				IPHONEOS_DEPLOYMENT_TARGET = 9.0;
				LD_RUNPATH_SEARCH_PATHS = "$(inherited) @executable_path/Frameworks";
				PRODUCT_BUNDLE_IDENTIFIER = "com.NSExceptional.${PRODUCT_NAME:rfc1034identifier}";
				PRODUCT_NAME = "$(TARGET_NAME)";
			};
			name = Release;
		};
		F996323819514FD8001F73CA /* Debug */ = {
			isa = XCBuildConfiguration;
			buildSettings = {
				CLANG_ENABLE_MODULES = YES;
				CURRENT_PROJECT_VERSION = 1;
				DEFINES_MODULE = YES;
				DYLIB_COMPATIBILITY_VERSION = 1;
				DYLIB_CURRENT_VERSION = 1;
				DYLIB_INSTALL_NAME_BASE = "@rpath";
				GCC_PREPROCESSOR_DEFINITIONS = (
					"DEBUG=1",
					"$(inherited)",
				);
				INFOPLIST_FILE = PKHUD/Info.plist;
				INSTALL_PATH = "$(LOCAL_LIBRARY_DIR)/Frameworks";
				IPHONEOS_DEPLOYMENT_TARGET = 8.0;
				LD_RUNPATH_SEARCH_PATHS = "$(inherited) @executable_path/Frameworks @loader_path/Frameworks";
				METAL_ENABLE_DEBUG_INFO = YES;
				PRODUCT_BUNDLE_IDENTIFIER = "com.NSExceptional.${PRODUCT_NAME:rfc1034identifier}";
				PRODUCT_NAME = "$(TARGET_NAME)";
				SKIP_INSTALL = YES;
				SWIFT_OPTIMIZATION_LEVEL = "-Onone";
				VERSIONING_SYSTEM = "apple-generic";
				VERSION_INFO_PREFIX = "";
			};
			name = Debug;
		};
		F996323919514FD8001F73CA /* Release */ = {
			isa = XCBuildConfiguration;
			buildSettings = {
				CLANG_ENABLE_MODULES = YES;
				CURRENT_PROJECT_VERSION = 1;
				DEFINES_MODULE = YES;
				DYLIB_COMPATIBILITY_VERSION = 1;
				DYLIB_CURRENT_VERSION = 1;
				DYLIB_INSTALL_NAME_BASE = "@rpath";
				INFOPLIST_FILE = PKHUD/Info.plist;
				INSTALL_PATH = "$(LOCAL_LIBRARY_DIR)/Frameworks";
				IPHONEOS_DEPLOYMENT_TARGET = 8.0;
				LD_RUNPATH_SEARCH_PATHS = "$(inherited) @executable_path/Frameworks @loader_path/Frameworks";
				METAL_ENABLE_DEBUG_INFO = NO;
				PRODUCT_BUNDLE_IDENTIFIER = "com.NSExceptional.${PRODUCT_NAME:rfc1034identifier}";
				PRODUCT_NAME = "$(TARGET_NAME)";
				SKIP_INSTALL = YES;
				VERSIONING_SYSTEM = "apple-generic";
				VERSION_INFO_PREFIX = "";
			};
			name = Release;
		};
/* End XCBuildConfiguration section */

/* Begin XCConfigurationList section */
		4FB23C4F1D1A75F4006C2105 /* Build configuration list for PBXNativeTarget "PKHUD OSX Demo" */ = {
			isa = XCConfigurationList;
			buildConfigurations = (
				4FB23C4D1D1A75F4006C2105 /* Debug */,
				4FB23C4E1D1A75F4006C2105 /* Release */,
			);
			defaultConfigurationIsVisible = 0;
			defaultConfigurationName = Release;
		};
		4FD0E3281D1A7D3600D1212A /* Build configuration list for PBXNativeTarget "PKHUDMACOS" */ = {
			isa = XCConfigurationList;
			buildConfigurations = (
				4FD0E3291D1A7D3600D1212A /* Debug */,
				4FD0E32A1D1A7D3600D1212A /* Release */,
			);
			defaultConfigurationIsVisible = 0;
			defaultConfigurationName = Release;
		};
		F99631F719514FAC001F73CA /* Build configuration list for PBXProject "PKHUD" */ = {
			isa = XCConfigurationList;
			buildConfigurations = (
				F996321119514FAD001F73CA /* Debug */,
				F996321219514FAD001F73CA /* Release */,
			);
			defaultConfigurationIsVisible = 0;
			defaultConfigurationName = Release;
		};
		F996321319514FAD001F73CA /* Build configuration list for PBXNativeTarget "PKHUD Demo" */ = {
			isa = XCConfigurationList;
			buildConfigurations = (
				F996321419514FAD001F73CA /* Debug */,
				F996321519514FAD001F73CA /* Release */,
			);
			defaultConfigurationIsVisible = 0;
			defaultConfigurationName = Release;
		};
		F996323719514FD8001F73CA /* Build configuration list for PBXNativeTarget "PKHUD" */ = {
			isa = XCConfigurationList;
			buildConfigurations = (
				F996323819514FD8001F73CA /* Debug */,
				F996323919514FD8001F73CA /* Release */,
			);
			defaultConfigurationIsVisible = 0;
			defaultConfigurationName = Release;
		};
/* End XCConfigurationList section */
	};
	rootObject = F99631F419514FAC001F73CA /* Project object */;
}
